# This file is automatically @generated by Poetry 1.8.3 and should not be changed by hand.

[[package]]
name = "circuitpython-stubs"
version = "9.2.1"
description = "PEP 561 type stubs for CircuitPython"
optional = false
python-versions = "*"
files = [
    {file = "circuitpython_stubs-9.2.1-py3-none-any.whl", hash = "sha256:a4406645412e159dbeb996d02b50def59ad3442975409d76ff1dd151de1d97da"},
    {file = "circuitpython_stubs-9.2.1.tar.gz", hash = "sha256:f7b711df9e808de3741b2bd443cd082274087205ccd2c2ce8f1bc5672b82558a"},
]

[metadata]
lock-version = "2.0"
python-versions = "^3.12"
content-hash = "74202a4f4d102f2eebfc9427bf73b24959b5f76c157f082260fbde25183ce749"
